// !$*UTF8*$!
{
	archiveVersion = 1;
	classes = {
	};
	objectVersion = 77;
	objects = {

/* Begin PBXBuildFile section */
		E322701B2F45F54600CA6376 /* whisper in Frameworks */ = {isa = PBXBuildFile; productRef = E322701A2F45F54600CA6376 /* whisper */; };
		E338EC112EFFC9BA004FC07C /* CharacterFilter in Frameworks */ = {isa = PBXBuildFile; productRef = E338EC102EFFC9BA004FC07C /* CharacterFilter */; };
		E338EC132EFFC9BA004FC07C /* IPADic in Frameworks */ = {isa = PBXBuildFile; productRef = E338EC122EFFC9BA004FC07C /* IPADic */; };
		E338EC152EFFC9BA004FC07C /* Mecab-Swift in Frameworks */ = {isa = PBXBuildFile; productRef = E338EC142EFFC9BA004FC07C /* Mecab-Swift */; };
		E338EC172EFFC9BA004FC07C /* StringTools in Frameworks */ = {isa = PBXBuildFile; productRef = E338EC162EFFC9BA004FC07C /* StringTools */; };
/* End PBXBuildFile section */

/* Begin PBXContainerItemProxy section */
		E38CAFFF2EF92C43002D7A19 /* PBXContainerItemProxy */ = {
			isa = PBXContainerItemProxy;
			containerPortal = E392E5222EE804A50069963A /* Project object */;
			proxyType = 1;
			remoteGlobalIDString = E392E5292EE804A50069963A;
			remoteInfo = kyouku;
		};
/* End PBXContainerItemProxy section */

/* Begin PBXFileReference section */
		E38CAFF82EF92C43002D7A19 /* kyoukuTests.xctest */ = {isa = PBXFileReference; explicitFileType = wrapper.cfbundle; includeInIndex = 0; path = kyoukuTests.xctest; sourceTree = BUILT_PRODUCTS_DIR; };
		E392E52A2EE804A50069963A /* kyouku.app */ = {isa = PBXFileReference; explicitFileType = wrapper.application; includeInIndex = 0; path = kyouku.app; sourceTree = BUILT_PRODUCTS_DIR; };
/* End PBXFileReference section */

/* Begin PBXFileSystemSynchronizedRootGroup section */
		E38CAFF32EF92C43002D7A19 /* kyoukuTests */ = {
			isa = PBXFileSystemSynchronizedRootGroup;
			path = kyoukuTests;
			sourceTree = "<group>";
		};
		E392E52C2EE804A50069963A /* kyouku */ = {
			isa = PBXFileSystemSynchronizedRootGroup;
			path = kyouku;
			sourceTree = "<group>";
		};
/* End PBXFileSystemSynchronizedRootGroup section */

/* Begin PBXFrameworksBuildPhase section */
		E38CAFF42EF92C43002D7A19 /* Frameworks */ = {
			isa = PBXFrameworksBuildPhase;
			buildActionMask = 2147483647;
			files = (
			);
			runOnlyForDeploymentPostprocessing = 0;
		};
		E392E5272EE804A50069963A /* Frameworks */ = {
			isa = PBXFrameworksBuildPhase;
			buildActionMask = 2147483647;
			files = (
				E338EC132EFFC9BA004FC07C /* IPADic in Frameworks */,
				E338EC112EFFC9BA004FC07C /* CharacterFilter in Frameworks */,
				E322701B2F45F54600CA6376 /* whisper in Frameworks */,
				E338EC152EFFC9BA004FC07C /* Mecab-Swift in Frameworks */,
				E338EC172EFFC9BA004FC07C /* StringTools in Frameworks */,
			);
			runOnlyForDeploymentPostprocessing = 0;
		};
/* End PBXFrameworksBuildPhase section */

/* Begin PBXGroup section */
		E392E5212EE804A50069963A = {
			isa = PBXGroup;
			children = (
				E392E52C2EE804A50069963A /* kyouku */,
				E38CAFF32EF92C43002D7A19 /* kyoukuTests */,
				E392E52B2EE804A50069963A /* Products */,
			);
			sourceTree = "<group>";
		};
		E392E52B2EE804A50069963A /* Products */ = {
			isa = PBXGroup;
			children = (
				E392E52A2EE804A50069963A /* kyouku.app */,
				E38CAFF82EF92C43002D7A19 /* kyoukuTests.xctest */,
			);
			name = Products;
			sourceTree = "<group>";
		};
/* End PBXGroup section */

/* Begin PBXNativeTarget section */
		E38CAFF72EF92C43002D7A19 /* kyoukuTests */ = {
			isa = PBXNativeTarget;
			buildConfigurationList = E38CAFFE2EF92C43002D7A19 /* Build configuration list for PBXNativeTarget "kyoukuTests" */;
			buildPhases = (
				E38CAFF62EF92C43002D7A19 /* Sources */,
				E38CAFF42EF92C43002D7A19 /* Frameworks */,
				E38CAFF52EF92C43002D7A19 /* Resources */,
			);
			buildRules = (
			);
			dependencies = (
				E38CB0002EF92C43002D7A19 /* PBXTargetDependency */,
			);
			fileSystemSynchronizedGroups = (
				E38CAFF32EF92C43002D7A19 /* kyoukuTests */,
			);
			name = kyoukuTests;
			packageProductDependencies = (
			);
			productName = kyoukuTests;
			productReference = E38CAFF82EF92C43002D7A19 /* kyoukuTests.xctest */;
			productType = "com.apple.product-type.bundle.unit-test";
		};
		E392E5292EE804A50069963A /* kyouku */ = {
			isa = PBXNativeTarget;
			buildConfigurationList = E392E5352EE804A70069963A /* Build configuration list for PBXNativeTarget "kyouku" */;
			buildPhases = (
				E392E5262EE804A50069963A /* Sources */,
				E392E5272EE804A50069963A /* Frameworks */,
				E392E5282EE804A50069963A /* Resources */,
			);
			buildRules = (
			);
			dependencies = (
			);
			fileSystemSynchronizedGroups = (
				E392E52C2EE804A50069963A /* kyouku */,
			);
			name = kyouku;
			packageProductDependencies = (
				E338EC102EFFC9BA004FC07C /* CharacterFilter */,
				E338EC122EFFC9BA004FC07C /* IPADic */,
				E338EC142EFFC9BA004FC07C /* Mecab-Swift */,
				E338EC162EFFC9BA004FC07C /* StringTools */,
				E322701A2F45F54600CA6376 /* whisper */,
			);
			productName = kyouku;
			productReference = E392E52A2EE804A50069963A /* kyouku.app */;
			productType = "com.apple.product-type.application";
		};
/* End PBXNativeTarget section */

/* Begin PBXProject section */
		E392E5222EE804A50069963A /* Project object */ = {
			isa = PBXProject;
			attributes = {
				BuildIndependentTargetsInParallel = 1;
				KnownAssetTags = (
					New,
				);
				LastSwiftUpdateCheck = 2610;
				LastUpgradeCheck = 2620;
				TargetAttributes = {
					E38CAFF72EF92C43002D7A19 = {
						CreatedOnToolsVersion = 26.1.1;
						TestTargetID = E392E5292EE804A50069963A;
					};
					E392E5292EE804A50069963A = {
						CreatedOnToolsVersion = 26.1.1;
					};
				};
			};
			buildConfigurationList = E392E5252EE804A50069963A /* Build configuration list for PBXProject "kyouku" */;
			developmentRegion = en;
			hasScannedForEncodings = 0;
			knownRegions = (
				en,
				Base,
			);
			mainGroup = E392E5212EE804A50069963A;
			minimizedProjectReferenceProxies = 1;
			packageReferences = (
				E338EC0F2EFFC9BA004FC07C /* XCRemoteSwiftPackageReference "Mecab-Swift" */,
				E32270192F45F54600CA6376 /* XCRemoteSwiftPackageReference "whisper" */,
			);
			preferredProjectObjectVersion = 77;
			productRefGroup = E392E52B2EE804A50069963A /* Products */;
			projectDirPath = "";
			projectRoot = "";
			targets = (
				E392E5292EE804A50069963A /* kyouku */,
				E38CAFF72EF92C43002D7A19 /* kyoukuTests */,
			);
		};
/* End PBXProject section */

/* Begin PBXResourcesBuildPhase section */
		E38CAFF52EF92C43002D7A19 /* Resources */ = {
			isa = PBXResourcesBuildPhase;
			buildActionMask = 2147483647;
			files = (
			);
			runOnlyForDeploymentPostprocessing = 0;
		};
		E392E5282EE804A50069963A /* Resources */ = {
			isa = PBXResourcesBuildPhase;
			buildActionMask = 2147483647;
			files = (
			);
			runOnlyForDeploymentPostprocessing = 0;
		};
/* End PBXResourcesBuildPhase section */

/* Begin PBXSourcesBuildPhase section */
		E38CAFF62EF92C43002D7A19 /* Sources */ = {
			isa = PBXSourcesBuildPhase;
			buildActionMask = 2147483647;
			files = (
			);
			runOnlyForDeploymentPostprocessing = 0;
		};
		E392E5262EE804A50069963A /* Sources */ = {
			isa = PBXSourcesBuildPhase;
			buildActionMask = 2147483647;
			files = (
			);
			runOnlyForDeploymentPostprocessing = 0;
		};
/* End PBXSourcesBuildPhase section */

/* Begin PBXTargetDependency section */
		E38CB0002EF92C43002D7A19 /* PBXTargetDependency */ = {
			isa = PBXTargetDependency;
			target = E392E5292EE804A50069963A /* kyouku */;
			targetProxy = E38CAFFF2EF92C43002D7A19 /* PBXContainerItemProxy */;
		};
/* End PBXTargetDependency section */

/* Begin XCBuildConfiguration section */
		E38CAFFC2EF92C43002D7A19 /* Debug */ = {
			isa = XCBuildConfiguration;
			buildSettings = {
				BUNDLE_LOADER = "$(TEST_HOST)";
				CODE_SIGN_STYLE = Automatic;
				CURRENT_PROJECT_VERSION = 1;
				DEVELOPMENT_TEAM = PZ69YU2D7L;
				GENERATE_INFOPLIST_FILE = YES;
				IPHONEOS_DEPLOYMENT_TARGET = 26.1;
				LD_RUNPATH_SEARCH_PATHS = (
					"$(inherited)",
					"@executable_path/Frameworks",
					"@loader_path/Frameworks",
				);
				PRODUCT_BUNDLE_IDENTIFIER = matthewmorrone.kyoukuTests;
				PRODUCT_NAME = "$(TARGET_NAME)";
				SWIFT_ACTIVE_COMPILATION_CONDITIONS = "DEBUG $(inherited)";
				SWIFT_VERSION = 5.0;
				TARGETED_DEVICE_FAMILY = "1,2";
				TEST_HOST = "$(BUILT_PRODUCTS_DIR)/kyouku.app/$(BUNDLE_EXECUTABLE_FOLDER_PATH)/kyouku";
				TEST_TARGET_NAME = kyouku;
			};
			name = Debug;
		};
		E38CAFFD2EF92C43002D7A19 /* Release */ = {
			isa = XCBuildConfiguration;
			buildSettings = {
				BUNDLE_LOADER = "$(TEST_HOST)";
				CODE_SIGN_STYLE = Automatic;
				CURRENT_PROJECT_VERSION = 1;
				DEVELOPMENT_TEAM = PZ69YU2D7L;
				GENERATE_INFOPLIST_FILE = YES;
				IPHONEOS_DEPLOYMENT_TARGET = 26.1;
				LD_RUNPATH_SEARCH_PATHS = (
					"$(inherited)",
					"@executable_path/Frameworks",
					"@loader_path/Frameworks",
				);
				PRODUCT_BUNDLE_IDENTIFIER = matthewmorrone.kyoukuTests;
				PRODUCT_NAME = "$(TARGET_NAME)";
				SWIFT_VERSION = 5.0;
				TARGETED_DEVICE_FAMILY = "1,2";
				TEST_HOST = "$(BUILT_PRODUCTS_DIR)/kyouku.app/$(BUNDLE_EXECUTABLE_FOLDER_PATH)/kyouku";
				TEST_TARGET_NAME = kyouku;
			};
			name = Release;
		};
		E392E5332EE804A70069963A /* Debug */ = {
			isa = XCBuildConfiguration;
			buildSettings = {
				ALWAYS_SEARCH_USER_PATHS = NO;
				ASSETCATALOG_COMPILER_GENERATE_SWIFT_ASSET_SYMBOL_EXTENSIONS = YES;
				CLANG_ANALYZER_NONNULL = YES;
				CLANG_ANALYZER_NUMBER_OBJECT_CONVERSION = YES_AGGRESSIVE;
				CLANG_CXX_LANGUAGE_STANDARD = "gnu++20";
				CLANG_ENABLE_MODULES = YES;
				CLANG_ENABLE_OBJC_ARC = YES;
				CLANG_ENABLE_OBJC_WEAK = YES;
				CLANG_WARN_BLOCK_CAPTURE_AUTORELEASING = YES;
				CLANG_WARN_BOOL_CONVERSION = YES;
				CLANG_WARN_COMMA = YES;
				CLANG_WARN_CONSTANT_CONVERSION = YES;
				CLANG_WARN_DEPRECATED_OBJC_IMPLEMENTATIONS = YES;
				CLANG_WARN_DIRECT_OBJC_ISA_USAGE = YES_ERROR;
				CLANG_WARN_DOCUMENTATION_COMMENTS = YES;
				CLANG_WARN_EMPTY_BODY = YES;
				CLANG_WARN_ENUM_CONVERSION = YES;
				CLANG_WARN_INFINITE_RECURSION = YES;
				CLANG_WARN_INT_CONVERSION = YES;
				CLANG_WARN_NON_LITERAL_NULL_CONVERSION = YES;
				CLANG_WARN_OBJC_IMPLICIT_RETAIN_SELF = YES;
				CLANG_WARN_OBJC_LITERAL_CONVERSION = YES;
				CLANG_WARN_OBJC_ROOT_CLASS = YES_ERROR;
				CLANG_WARN_QUOTED_INCLUDE_IN_FRAMEWORK_HEADER = YES;
				CLANG_WARN_RANGE_LOOP_ANALYSIS = YES;
				CLANG_WARN_STRICT_PROTOTYPES = YES;
				CLANG_WARN_SUSPICIOUS_MOVE = YES;
				CLANG_WARN_UNGUARDED_AVAILABILITY = YES_AGGRESSIVE;
				CLANG_WARN_UNREACHABLE_CODE = YES;
				CLANG_WARN__DUPLICATE_METHOD_MATCH = YES;
				COPY_PHASE_STRIP = NO;
				DEBUG_INFORMATION_FORMAT = dwarf;
				DEVELOPMENT_TEAM = PZ69YU2D7L;
				ENABLE_STRICT_OBJC_MSGSEND = YES;
				ENABLE_TESTABILITY = YES;
				ENABLE_USER_SCRIPT_SANDBOXING = YES;
				GCC_C_LANGUAGE_STANDARD = gnu17;
				GCC_DYNAMIC_NO_PIC = NO;
				GCC_NO_COMMON_BLOCKS = YES;
				GCC_OPTIMIZATION_LEVEL = 0;
				GCC_PREPROCESSOR_DEFINITIONS = (
					"DEBUG=1",
					"$(inherited)",
				);
				GCC_WARN_64_TO_32_BIT_CONVERSION = YES;
				GCC_WARN_ABOUT_RETURN_TYPE = YES_ERROR;
				GCC_WARN_UNDECLARED_SELECTOR = YES;
				GCC_WARN_UNINITIALIZED_AUTOS = YES_AGGRESSIVE;
				GCC_WARN_UNUSED_FUNCTION = YES;
				GCC_WARN_UNUSED_VARIABLE = YES;
				IPHONEOS_DEPLOYMENT_TARGET = 26.1;
				LOCALIZATION_PREFERS_STRING_CATALOGS = YES;
				MTL_ENABLE_DEBUG_INFO = INCLUDE_SOURCE;
				MTL_FAST_MATH = YES;
				ONLY_ACTIVE_ARCH = YES;
				SDKROOT = iphoneos;
				STRING_CATALOG_GENERATE_SYMBOLS = YES;
				SWIFT_ACTIVE_COMPILATION_CONDITIONS = "DEBUG $(inherited)";
				SWIFT_COMPILATION_MODE = incremental;
				SWIFT_OPTIMIZATION_LEVEL = "-Onone";
			};
			name = Debug;
		};
		E392E5342EE804A70069963A /* Release */ = {
			isa = XCBuildConfiguration;
			buildSettings = {
				ALWAYS_SEARCH_USER_PATHS = NO;
				ASSETCATALOG_COMPILER_GENERATE_SWIFT_ASSET_SYMBOL_EXTENSIONS = YES;
				CLANG_ANALYZER_NONNULL = YES;
				CLANG_ANALYZER_NUMBER_OBJECT_CONVERSION = YES_AGGRESSIVE;
				CLANG_CXX_LANGUAGE_STANDARD = "gnu++20";
				CLANG_ENABLE_MODULES = YES;
				CLANG_ENABLE_OBJC_ARC = YES;
				CLANG_ENABLE_OBJC_WEAK = YES;
				CLANG_WARN_BLOCK_CAPTURE_AUTORELEASING = YES;
				CLANG_WARN_BOOL_CONVERSION = YES;
				CLANG_WARN_COMMA = YES;
				CLANG_WARN_CONSTANT_CONVERSION = YES;
				CLANG_WARN_DEPRECATED_OBJC_IMPLEMENTATIONS = YES;
				CLANG_WARN_DIRECT_OBJC_ISA_USAGE = YES_ERROR;
				CLANG_WARN_DOCUMENTATION_COMMENTS = YES;
				CLANG_WARN_EMPTY_BODY = YES;
				CLANG_WARN_ENUM_CONVERSION = YES;
				CLANG_WARN_INFINITE_RECURSION = YES;
				CLANG_WARN_INT_CONVERSION = YES;
				CLANG_WARN_NON_LITERAL_NULL_CONVERSION = YES;
				CLANG_WARN_OBJC_IMPLICIT_RETAIN_SELF = YES;
				CLANG_WARN_OBJC_LITERAL_CONVERSION = YES;
				CLANG_WARN_OBJC_ROOT_CLASS = YES_ERROR;
				CLANG_WARN_QUOTED_INCLUDE_IN_FRAMEWORK_HEADER = YES;
				CLANG_WARN_RANGE_LOOP_ANALYSIS = YES;
				CLANG_WARN_STRICT_PROTOTYPES = YES;
				CLANG_WARN_SUSPICIOUS_MOVE = YES;
				CLANG_WARN_UNGUARDED_AVAILABILITY = YES_AGGRESSIVE;
				CLANG_WARN_UNREACHABLE_CODE = YES;
				CLANG_WARN__DUPLICATE_METHOD_MATCH = YES;
				COPY_PHASE_STRIP = NO;
				DEBUG_INFORMATION_FORMAT = "dwarf-with-dsym";
				DEVELOPMENT_TEAM = PZ69YU2D7L;
				ENABLE_NS_ASSERTIONS = NO;
				ENABLE_STRICT_OBJC_MSGSEND = YES;
				ENABLE_TESTABILITY = YES;
				ENABLE_USER_SCRIPT_SANDBOXING = YES;
				GCC_C_LANGUAGE_STANDARD = gnu17;
				GCC_NO_COMMON_BLOCKS = YES;
				GCC_WARN_64_TO_32_BIT_CONVERSION = YES;
				GCC_WARN_ABOUT_RETURN_TYPE = YES_ERROR;
				GCC_WARN_UNDECLARED_SELECTOR = YES;
				GCC_WARN_UNINITIALIZED_AUTOS = YES_AGGRESSIVE;
				GCC_WARN_UNUSED_FUNCTION = YES;
				GCC_WARN_UNUSED_VARIABLE = YES;
				IPHONEOS_DEPLOYMENT_TARGET = 26.1;
				LOCALIZATION_PREFERS_STRING_CATALOGS = YES;
				MTL_ENABLE_DEBUG_INFO = NO;
				MTL_FAST_MATH = YES;
				SDKROOT = iphoneos;
				STRING_CATALOG_GENERATE_SYMBOLS = YES;
				SWIFT_COMPILATION_MODE = incremental;
				VALIDATE_PRODUCT = YES;
			};
			name = Release;
		};
		E392E5362EE804A70069963A /* Debug */ = {
			isa = XCBuildConfiguration;
			buildSettings = {
				ASSETCATALOG_COMPILER_APPICON_NAME = AppIcon;
				ASSETCATALOG_COMPILER_GLOBAL_ACCENT_COLOR_NAME = AccentColor;
				CODE_SIGN_STYLE = Automatic;
				CURRENT_PROJECT_VERSION = 1;
				DEBUG_INFORMATION_FORMAT = dwarf;
				DEVELOPMENT_TEAM = PZ69YU2D7L;
				ENABLE_PREVIEWS = YES;
				EXCLUDED_SOURCE_FILE_NAMES = (
					"generate-db.py",
					"jmdict-eng-3.6.1.json",
				);
				GENERATE_INFOPLIST_FILE = YES;
				INFOPLIST_KEY_NSSpeechRecognitionUsageDescription = "Generate karaoke-style highlights by aligning your audio to note text.";
				INFOPLIST_KEY_UIApplicationSceneManifest_Generation = YES;
				INFOPLIST_KEY_UIApplicationSupportsIndirectInputEvents = YES;
				INFOPLIST_KEY_UILaunchScreen_Generation = YES;
				INFOPLIST_KEY_UISupportedInterfaceOrientations_iPad = "UIInterfaceOrientationPortrait UIInterfaceOrientationPortraitUpsideDown UIInterfaceOrientationLandscapeLeft UIInterfaceOrientationLandscapeRight";
				INFOPLIST_KEY_UISupportedInterfaceOrientations_iPhone = "UIInterfaceOrientationPortrait UIInterfaceOrientationLandscapeLeft UIInterfaceOrientationLandscapeRight";
				LD_RUNPATH_SEARCH_PATHS = (
					"$(inherited)",
					"@executable_path/Frameworks",
				);
				MARKETING_VERSION = 1.0;
				PRODUCT_BUNDLE_IDENTIFIER = matthewmorrone.kyouku;
				PRODUCT_NAME = "$(TARGET_NAME)";
				STRING_CATALOG_GENERATE_SYMBOLS = YES;
				SWIFT_APPROACHABLE_CONCURRENCY = YES;
				SWIFT_COMPILATION_MODE = incremental;
				SWIFT_DEFAULT_ACTOR_ISOLATION = MainActor;
				SWIFT_EMIT_LOC_STRINGS = NO;
				SWIFT_UPCOMING_FEATURE_MEMBER_IMPORT_VISIBILITY = YES;
				SWIFT_VERSION = 5.0;
				TARGETED_DEVICE_FAMILY = "1,2";
			};
			name = Debug;
		};
		E392E5372EE804A70069963A /* Release */ = {
			isa = XCBuildConfiguration;
			buildSettings = {
				ASSETCATALOG_COMPILER_APPICON_NAME = AppIcon;
				ASSETCATALOG_COMPILER_GLOBAL_ACCENT_COLOR_NAME = AccentColor;
				CODE_SIGN_STYLE = Automatic;
				CURRENT_PROJECT_VERSION = 1;
				DEVELOPMENT_TEAM = PZ69YU2D7L;
				ENABLE_PREVIEWS = YES;
				EXCLUDED_SOURCE_FILE_NAMES = (
					"generate-db.py",
					"jmdict-eng-3.6.1.json",
				);
				GENERATE_INFOPLIST_FILE = YES;
				INFOPLIST_KEY_NSSpeechRecognitionUsageDescription = "Generate karaoke-style highlights by aligning your audio to note text.";
				INFOPLIST_KEY_UIApplicationSceneManifest_Generation = YES;
				INFOPLIST_KEY_UIApplicationSupportsIndirectInputEvents = YES;
				INFOPLIST_KEY_UILaunchScreen_Generation = YES;
				INFOPLIST_KEY_UISupportedInterfaceOrientations_iPad = "UIInterfaceOrientationPortrait UIInterfaceOrientationPortraitUpsideDown UIInterfaceOrientationLandscapeLeft UIInterfaceOrientationLandscapeRight";
				INFOPLIST_KEY_UISupportedInterfaceOrientations_iPhone = "UIInterfaceOrientationPortrait UIInterfaceOrientationLandscapeLeft UIInterfaceOrientationLandscapeRight";
				LD_RUNPATH_SEARCH_PATHS = (
					"$(inherited)",
					"@executable_path/Frameworks",
				);
				MARKETING_VERSION = 1.0;
				PRODUCT_BUNDLE_IDENTIFIER = matthewmorrone.kyouku;
				PRODUCT_NAME = "$(TARGET_NAME)";
				STRING_CATALOG_GENERATE_SYMBOLS = YES;
				SWIFT_APPROACHABLE_CONCURRENCY = YES;
				SWIFT_DEFAULT_ACTOR_ISOLATION = MainActor;
				SWIFT_EMIT_LOC_STRINGS = YES;
				SWIFT_UPCOMING_FEATURE_MEMBER_IMPORT_VISIBILITY = YES;
				SWIFT_VERSION = 5.0;
				TARGETED_DEVICE_FAMILY = "1,2";
			};
			name = Release;
		};
/* End XCBuildConfiguration section */

/* Begin XCConfigurationList section */
		E38CAFFE2EF92C43002D7A19 /* Build configuration list for PBXNativeTarget "kyoukuTests" */ = {
			isa = XCConfigurationList;
			buildConfigurations = (
				E38CAFFC2EF92C43002D7A19 /* Debug */,
				E38CAFFD2EF92C43002D7A19 /* Release */,
			);
			defaultConfigurationIsVisible = 0;
			defaultConfigurationName = Release;
		};
		E392E5252EE804A50069963A /* Build configuration list for PBXProject "kyouku" */ = {
			isa = XCConfigurationList;
			buildConfigurations = (
				E392E5332EE804A70069963A /* Debug */,
				E392E5342EE804A70069963A /* Release */,
			);
			defaultConfigurationIsVisible = 0;
			defaultConfigurationName = Release;
		};
		E392E5352EE804A70069963A /* Build configuration list for PBXNativeTarget "kyouku" */ = {
			isa = XCConfigurationList;
			buildConfigurations = (
				E392E5362EE804A70069963A /* Debug */,
				E392E5372EE804A70069963A /* Release */,
			);
			defaultConfigurationIsVisible = 0;
			defaultConfigurationName = Release;
		};
/* End XCConfigurationList section */

/* Begin XCRemoteSwiftPackageReference section */
		E32270192F45F54600CA6376 /* XCLocalSwiftPackageReference "whisper" */ = {
			isa = XCLocalSwiftPackageReference;
			relativePath = "third_party/whisper.spm";
		};
		E338EC0F2EFFC9BA004FC07C /* XCRemoteSwiftPackageReference "Mecab-Swift" */ = {
			isa = XCRemoteSwiftPackageReference;
			repositoryURL = "https://github.com/shinjukunian/Mecab-Swift";
			requirement = {
				kind = upToNextMajorVersion;
				minimumVersion = 0.8.0;
			};
		};
/* End XCRemoteSwiftPackageReference section */

/* Begin XCSwiftPackageProductDependency section */
		E322701A2F45F54600CA6376 /* whisper */ = {
			isa = XCSwiftPackageProductDependency;
			package = E32270192F45F54600CA6376 /* XCRemoteSwiftPackageReference "whisper" */;
			productName = whisper;
		};
		E338EC102EFFC9BA004FC07C /* CharacterFilter */ = {
			isa = XCSwiftPackageProductDependency;
			package = E338EC0F2EFFC9BA004FC07C /* XCRemoteSwiftPackageReference "Mecab-Swift" */;
			productName = CharacterFilter;
		};
		E338EC122EFFC9BA004FC07C /* IPADic */ = {
			isa = XCSwiftPackageProductDependency;
			package = E338EC0F2EFFC9BA004FC07C /* XCRemoteSwiftPackageReference "Mecab-Swift" */;
			productName = IPADic;
		};
		E338EC142EFFC9BA004FC07C /* Mecab-Swift */ = {
			isa = XCSwiftPackageProductDependency;
			package = E338EC0F2EFFC9BA004FC07C /* XCRemoteSwiftPackageReference "Mecab-Swift" */;
			productName = "Mecab-Swift";
		};
		E338EC162EFFC9BA004FC07C /* StringTools */ = {
			isa = XCSwiftPackageProductDependency;
			package = E338EC0F2EFFC9BA004FC07C /* XCRemoteSwiftPackageReference "Mecab-Swift" */;
			productName = StringTools;
		};
/* End XCSwiftPackageProductDependency section */
	};
	rootObject = E392E5222EE804A50069963A /* Project object */;
}
