{
  "originHash" : "b40aae5ca5373ca57856b380ce5a77773e5cb22c0436c396a3d23d3072af1bd7",
  "pins" : [
    {
      "identity" : "mecab-swift",
      "kind" : "remoteSourceControl",
      "location" : "https://github.com/shinjukunian/Mecab-Swift",
      "state" : {
        "revision" : "1f096492e37fc05fc2e7304091f54889974c5368",
        "version" : "0.8.0"
      }
    }
  ],
  "version" : 3
}
